
Microsoft Visual Studio Solution File, Format Version 12.00
# Visual Studio 2013
VisualStudioVersion = 12.0.31101.0
MinimumVisualStudioVersion = 10.0.40219.1
Project("{888888A0-9F3D-457C-B088-3A5042F75D52}") = "OpenPyxlTest", "OpenPyxlTest\OpenPyxlTest.pyproj", "{C39CA9E5-33FE-47A6-A975-2A96AA8CEA17}"
EndProject
Global
	GlobalSection(SolutionConfigurationPlatforms) = preSolution
		Debug|Any CPU = Debug|Any CPU
		Release|Any CPU = Release|Any CPU
	EndGlobalSection
	GlobalSection(ProjectConfigurationPlatforms) = postSolution
		{C39CA9E5-33FE-47A6-A975-2A96AA8CEA17}.Debug|Any CPU.ActiveCfg = Debug|Any CPU
		{C39CA9E5-33FE-47A6-A975-2A96AA8CEA17}.Debug|Any CPU.Build.0 = Debug|Any CPU
		{C39CA9E5-33FE-47A6-A975-2A96AA8CEA17}.Release|Any CPU.ActiveCfg = Release|Any CPU
		{C39CA9E5-33FE-47A6-A975-2A96AA8CEA17}.Release|Any CPU.Build.0 = Release|Any CPU
	EndGlobalSection
	GlobalSection(SolutionProperties) = preSolution
		HideSolutionNode = FALSE
	EndGlobalSection
EndGlobal
